// !$*UTF8*$!
{
	archiveVersion = 1;
	classes = {
	};
	objectVersion = 51;
	objects = {

/* Begin PBXBuildFile section */
		04F6033025A69F2800F6ADDE /* AppDelegate.swift in Sources */ = {isa = PBXBuildFile; fileRef = 04F6032F25A69F2800F6ADDE /* AppDelegate.swift */; };
		04F6033225A69F2800F6ADDE /* SceneDelegate.swift in Sources */ = {isa = PBXBuildFile; fileRef = 04F6033125A69F2800F6ADDE /* SceneDelegate.swift */; };
		04F6033425A69F2800F6ADDE /* ViewController.swift in Sources */ = {isa = PBXBuildFile; fileRef = 04F6033325A69F2800F6ADDE /* ViewController.swift */; };
		04F6033725A69F2800F6ADDE /* Main.storyboard in Resources */ = {isa = PBXBuildFile; fileRef = 04F6033525A69F2800F6ADDE /* Main.storyboard */; };
		04F6033925A69F2900F6ADDE /* Assets.xcassets in Resources */ = {isa = PBXBuildFile; fileRef = 04F6033825A69F2900F6ADDE /* Assets.xcassets */; };
		04F6033C25A69F2900F6ADDE /* LaunchScreen.storyboard in Resources */ = {isa = PBXBuildFile; fileRef = 04F6033A25A69F2900F6ADDE /* LaunchScreen.storyboard */; };
		F597AAF3982B4CBEE9E04E03 /* Pods_Demo_Gcd_download.framework in Frameworks */ = {isa = PBXBuildFile; fileRef = 4766759684EFB30EFE913154 /* Pods_Demo_Gcd_download.framework */; };
/* End PBXBuildFile section */

/* Begin PBXFileReference section */
		04F6032C25A69F2800F6ADDE /* Demo_Gcd_download.app */ = {isa = PBXFileReference; explicitFileType = wrapper.application; includeInIndex = 0; path = Demo_Gcd_download.app; sourceTree = BUILT_PRODUCTS_DIR; };
		04F6032F25A69F2800F6ADDE /* AppDelegate.swift */ = {isa = PBXFileReference; lastKnownFileType = sourcecode.swift; path = AppDelegate.swift; sourceTree = "<group>"; };
		04F6033125A69F2800F6ADDE /* SceneDelegate.swift */ = {isa = PBXFileReference; lastKnownFileType = sourcecode.swift; path = SceneDelegate.swift; sourceTree = "<group>"; };
		04F6033325A69F2800F6ADDE /* ViewController.swift */ = {isa = PBXFileReference; lastKnownFileType = sourcecode.swift; path = ViewController.swift; sourceTree = "<group>"; };
		04F6033625A69F2800F6ADDE /* Base */ = {isa = PBXFileReference; lastKnownFileType = file.storyboard; name = Base; path = Base.lproj/Main.storyboard; sourceTree = "<group>"; };
		04F6033825A69F2900F6ADDE /* Assets.xcassets */ = {isa = PBXFileReference; lastKnownFileType = folder.assetcatalog; path = Assets.xcassets; sourceTree = "<group>"; };
		04F6033B25A69F2900F6ADDE /* Base */ = {isa = PBXFileReference; lastKnownFileType = file.storyboard; name = Base; path = Base.lproj/LaunchScreen.storyboard; sourceTree = "<group>"; };
		04F6033D25A69F2900F6ADDE /* Info.plist */ = {isa = PBXFileReference; lastKnownFileType = text.plist.xml; path = Info.plist; sourceTree = "<group>"; };
		4766759684EFB30EFE913154 /* Pods_Demo_Gcd_download.framework */ = {isa = PBXFileReference; explicitFileType = wrapper.framework; includeInIndex = 0; path = Pods_Demo_Gcd_download.framework; sourceTree = BUILT_PRODUCTS_DIR; };
		4DA3CF38DB8E9E388784EE4E /* Pods-Demo_Gcd_download.release.xcconfig */ = {isa = PBXFileReference; includeInIndex = 1; lastKnownFileType = text.xcconfig; name = "Pods-Demo_Gcd_download.release.xcconfig"; path = "Target Support Files/Pods-Demo_Gcd_download/Pods-Demo_Gcd_download.release.xcconfig"; sourceTree = "<group>"; };
		CD2970F2C54005EC5AF92CA8 /* Pods-Demo_Gcd_download.debug.xcconfig */ = {isa = PBXFileReference; includeInIndex = 1; lastKnownFileType = text.xcconfig; name = "Pods-Demo_Gcd_download.debug.xcconfig"; path = "Target Support Files/Pods-Demo_Gcd_download/Pods-Demo_Gcd_download.debug.xcconfig"; sourceTree = "<group>"; };
/* End PBXFileReference section */

/* Begin PBXFrameworksBuildPhase section */
		04F6032925A69F2800F6ADDE /* Frameworks */ = {
			isa = PBXFrameworksBuildPhase;
			buildActionMask = 2147483647;
			files = (
				F597AAF3982B4CBEE9E04E03 /* Pods_Demo_Gcd_download.framework in Frameworks */,
			);
			runOnlyForDeploymentPostprocessing = 0;
		};
/* End PBXFrameworksBuildPhase section */

/* Begin PBXGroup section */
		04F6032325A69F2800F6ADDE = {
			isa = PBXGroup;
			children = (
				04F6032E25A69F2800F6ADDE /* Demo_Gcd_download */,
				04F6032D25A69F2800F6ADDE /* Products */,
				B79AC3022EC5FEDC27E3B673 /* Pods */,
				A1F0A63D498B05BC02CEDA8D /* Frameworks */,
			);
			sourceTree = "<group>";
		};
		04F6032D25A69F2800F6ADDE /* Products */ = {
			isa = PBXGroup;
			children = (
				04F6032C25A69F2800F6ADDE /* Demo_Gcd_download.app */,
			);
			name = Products;
			sourceTree = "<group>";
		};
		04F6032E25A69F2800F6ADDE /* Demo_Gcd_download */ = {
			isa = PBXGroup;
			children = (
				04F6032F25A69F2800F6ADDE /* AppDelegate.swift */,
				04F6033125A69F2800F6ADDE /* SceneDelegate.swift */,
				04F6033325A69F2800F6ADDE /* ViewController.swift */,
				04F6033525A69F2800F6ADDE /* Main.storyboard */,
				04F6033825A69F2900F6ADDE /* Assets.xcassets */,
				04F6033A25A69F2900F6ADDE /* LaunchScreen.storyboard */,
				04F6033D25A69F2900F6ADDE /* Info.plist */,
			);
			path = Demo_Gcd_download;
			sourceTree = "<group>";
		};
		A1F0A63D498B05BC02CEDA8D /* Frameworks */ = {
			isa = PBXGroup;
			children = (
				4766759684EFB30EFE913154 /* Pods_Demo_Gcd_download.framework */,
			);
			name = Frameworks;
			sourceTree = "<group>";
		};
		B79AC3022EC5FEDC27E3B673 /* Pods */ = {
			isa = PBXGroup;
			children = (
				CD2970F2C54005EC5AF92CA8 /* Pods-Demo_Gcd_download.debug.xcconfig */,
				4DA3CF38DB8E9E388784EE4E /* Pods-Demo_Gcd_download.release.xcconfig */,
			);
			path = Pods;
			sourceTree = "<group>";
		};
/* End PBXGroup section */

/* Begin PBXNativeTarget section */
		04F6032B25A69F2800F6ADDE /* Demo_Gcd_download */ = {
			isa = PBXNativeTarget;
			buildConfigurationList = 04F6034025A69F2900F6ADDE /* Build configuration list for PBXNativeTarget "Demo_Gcd_download" */;
			buildPhases = (
				8F6CAEEABD034EF5DE604946 /* [CP] Check Pods Manifest.lock */,
				04F6032825A69F2800F6ADDE /* Sources */,
				04F6032925A69F2800F6ADDE /* Frameworks */,
				04F6032A25A69F2800F6ADDE /* Resources */,
				6327E43EFBEFF3BDD1F41555 /* [CP] Embed Pods Frameworks */,
			);
			buildRules = (
			);
			dependencies = (
			);
			name = Demo_Gcd_download;
			productName = Demo_Gcd_download;
			productReference = 04F6032C25A69F2800F6ADDE /* Demo_Gcd_download.app */;
			productType = "com.apple.product-type.application";
		};
/* End PBXNativeTarget section */

/* Begin PBXProject section */
		04F6032425A69F2800F6ADDE /* Project object */ = {
			isa = PBXProject;
			attributes = {
				LastSwiftUpdateCheck = 1200;
				LastUpgradeCheck = 1200;
				TargetAttributes = {
					04F6032B25A69F2800F6ADDE = {
						CreatedOnToolsVersion = 12.0.1;
					};
				};
			};
			buildConfigurationList = 04F6032725A69F2800F6ADDE /* Build configuration list for PBXProject "Demo_Gcd_download" */;
			compatibilityVersion = "Xcode 9.3";
			developmentRegion = en;
			hasScannedForEncodings = 0;
			knownRegions = (
				en,
				Base,
			);
			mainGroup = 04F6032325A69F2800F6ADDE;
			productRefGroup = 04F6032D25A69F2800F6ADDE /* Products */;
			projectDirPath = "";
			projectRoot = "";
			targets = (
				04F6032B25A69F2800F6ADDE /* Demo_Gcd_download */,
			);
		};
/* End PBXProject section */

/* Begin PBXResourcesBuildPhase section */
		04F6032A25A69F2800F6ADDE /* Resources */ = {
			isa = PBXResourcesBuildPhase;
			buildActionMask = 2147483647;
			files = (
				04F6033C25A69F2900F6ADDE /* LaunchScreen.storyboard in Resources */,
				04F6033925A69F2900F6ADDE /* Assets.xcassets in Resources */,
				04F6033725A69F2800F6ADDE /* Main.storyboard in Resources */,
			);
			runOnlyForDeploymentPostprocessing = 0;
		};
/* End PBXResourcesBuildPhase section */

/* Begin PBXShellScriptBuildPhase section */
		6327E43EFBEFF3BDD1F41555 /* [CP] Embed Pods Frameworks */ = {
			isa = PBXShellScriptBuildPhase;
			buildActionMask = 2147483647;
			files = (
			);
			inputFileListPaths = (
				"${PODS_ROOT}/Target Support Files/Pods-Demo_Gcd_download/Pods-Demo_Gcd_download-frameworks-${CONFIGURATION}-input-files.xcfilelist",
			);
			name = "[CP] Embed Pods Frameworks";
			outputFileListPaths = (
				"${PODS_ROOT}/Target Support Files/Pods-Demo_Gcd_download/Pods-Demo_Gcd_download-frameworks-${CONFIGURATION}-output-files.xcfilelist",
			);
			runOnlyForDeploymentPostprocessing = 0;
			shellPath = /bin/sh;
			shellScript = "\"${PODS_ROOT}/Target Support Files/Pods-Demo_Gcd_download/Pods-Demo_Gcd_download-frameworks.sh\"\n";
			showEnvVarsInLog = 0;
		};
		8F6CAEEABD034EF5DE604946 /* [CP] Check Pods Manifest.lock */ = {
			isa = PBXShellScriptBuildPhase;
			buildActionMask = 2147483647;
			files = (
			);
			inputFileListPaths = (
			);
			inputPaths = (
				"${PODS_PODFILE_DIR_PATH}/Podfile.lock",
				"${PODS_ROOT}/Manifest.lock",
			);
			name = "[CP] Check Pods Manifest.lock";
			outputFileListPaths = (
			);
			outputPaths = (
				"$(DERIVED_FILE_DIR)/Pods-Demo_Gcd_download-checkManifestLockResult.txt",
			);
			runOnlyForDeploymentPostprocessing = 0;
			shellPath = /bin/sh;
			shellScript = "diff \"${PODS_PODFILE_DIR_PATH}/Podfile.lock\" \"${PODS_ROOT}/Manifest.lock\" > /dev/null\nif [ $? != 0 ] ; then\n    # print error to STDERR\n    echo \"error: The sandbox is not in sync with the Podfile.lock. Run 'pod install' or update your CocoaPods installation.\" >&2\n    exit 1\nfi\n# This output is used by Xcode 'outputs' to avoid re-running this script phase.\necho \"SUCCESS\" > \"${SCRIPT_OUTPUT_FILE_0}\"\n";
			showEnvVarsInLog = 0;
		};
/* End PBXShellScriptBuildPhase section */

/* Begin PBXSourcesBuildPhase section */
		04F6032825A69F2800F6ADDE /* Sources */ = {
			isa = PBXSourcesBuildPhase;
			buildActionMask = 2147483647;
			files = (
				04F6033425A69F2800F6ADDE /* ViewController.swift in Sources */,
				04F6033025A69F2800F6ADDE /* AppDelegate.swift in Sources */,
				04F6033225A69F2800F6ADDE /* SceneDelegate.swift in Sources */,
			);
			runOnlyForDeploymentPostprocessing = 0;
		};
/* End PBXSourcesBuildPhase section */

/* Begin PBXVariantGroup section */
		04F6033525A69F2800F6ADDE /* Main.storyboard */ = {
			isa = PBXVariantGroup;
			children = (
				04F6033625A69F2800F6ADDE /* Base */,
			);
			name = Main.storyboard;
			sourceTree = "<group>";
		};
		04F6033A25A69F2900F6ADDE /* LaunchScreen.storyboard */ = {
			isa = PBXVariantGroup;
			children = (
				04F6033B25A69F2900F6ADDE /* Base */,
			);
			name = LaunchScreen.storyboard;
			sourceTree = "<group>";
		};
/* End PBXVariantGroup section */

/* Begin XCBuildConfiguration section */
		04F6033E25A69F2900F6ADDE /* Debug */ = {
			isa = XCBuildConfiguration;
			buildSettings = {
				ALWAYS_SEARCH_USER_PATHS = NO;
				CLANG_ANALYZER_NONNULL = YES;
				CLANG_ANALYZER_NUMBER_OBJECT_CONVERSION = YES_AGGRESSIVE;
				CLANG_CXX_LANGUAGE_STANDARD = "gnu++14";
				CLANG_CXX_LIBRARY = "libc++";
				CLANG_ENABLE_MODULES = YES;
				CLANG_ENABLE_OBJC_ARC = YES;
				CLANG_ENABLE_OBJC_WEAK = YES;
				CLANG_WARN_BLOCK_CAPTURE_AUTORELEASING = YES;
				CLANG_WARN_BOOL_CONVERSION = YES;
				CLANG_WARN_COMMA = YES;
				CLANG_WARN_CONSTANT_CONVERSION = YES;
				CLANG_WARN_DEPRECATED_OBJC_IMPLEMENTATIONS = YES;
				CLANG_WARN_DIRECT_OBJC_ISA_USAGE = YES_ERROR;
				CLANG_WARN_DOCUMENTATION_COMMENTS = YES;
				CLANG_WARN_EMPTY_BODY = YES;
				CLANG_WARN_ENUM_CONVERSION = YES;
				CLANG_WARN_INFINITE_RECURSION = YES;
				CLANG_WARN_INT_CONVERSION = YES;
				CLANG_WARN_NON_LITERAL_NULL_CONVERSION = YES;
				CLANG_WARN_OBJC_IMPLICIT_RETAIN_SELF = YES;
				CLANG_WARN_OBJC_LITERAL_CONVERSION = YES;
				CLANG_WARN_OBJC_ROOT_CLASS = YES_ERROR;
				CLANG_WARN_QUOTED_INCLUDE_IN_FRAMEWORK_HEADER = YES;
				CLANG_WARN_RANGE_LOOP_ANALYSIS = YES;
				CLANG_WARN_STRICT_PROTOTYPES = YES;
				CLANG_WARN_SUSPICIOUS_MOVE = YES;
				CLANG_WARN_UNGUARDED_AVAILABILITY = YES_AGGRESSIVE;
				CLANG_WARN_UNREACHABLE_CODE = YES;
				CLANG_WARN__DUPLICATE_METHOD_MATCH = YES;
				COPY_PHASE_STRIP = NO;
				DEBUG_INFORMATION_FORMAT = dwarf;
				ENABLE_STRICT_OBJC_MSGSEND = YES;
				ENABLE_TESTABILITY = YES;
				GCC_C_LANGUAGE_STANDARD = gnu11;
				GCC_DYNAMIC_NO_PIC = NO;
				GCC_NO_COMMON_BLOCKS = YES;
				GCC_OPTIMIZATION_LEVEL = 0;
				GCC_PREPROCESSOR_DEFINITIONS = (
					"DEBUG=1",
					"$(inherited)",
				);
				GCC_WARN_64_TO_32_BIT_CONVERSION = YES;
				GCC_WARN_ABOUT_RETURN_TYPE = YES_ERROR;
				GCC_WARN_UNDECLARED_SELECTOR = YES;
				GCC_WARN_UNINITIALIZED_AUTOS = YES_AGGRESSIVE;
				GCC_WARN_UNUSED_FUNCTION = YES;
				GCC_WARN_UNUSED_VARIABLE = YES;
				IPHONEOS_DEPLOYMENT_TARGET = 14.0;
				MTL_ENABLE_DEBUG_INFO = INCLUDE_SOURCE;
				MTL_FAST_MATH = YES;
				ONLY_ACTIVE_ARCH = YES;
				SDKROOT = iphoneos;
				SWIFT_ACTIVE_COMPILATION_CONDITIONS = DEBUG;
				SWIFT_OPTIMIZATION_LEVEL = "-Onone";
			};
			name = Debug;
		};
		04F6033F25A69F2900F6ADDE /* Release */ = {
			isa = XCBuildConfiguration;
			buildSettings = {
				ALWAYS_SEARCH_USER_PATHS = NO;
				CLANG_ANALYZER_NONNULL = YES;
				CLANG_ANALYZER_NUMBER_OBJECT_CONVERSION = YES_AGGRESSIVE;
				CLANG_CXX_LANGUAGE_STANDARD = "gnu++14";
				CLANG_CXX_LIBRARY = "libc++";
				CLANG_ENABLE_MODULES = YES;
				CLANG_ENABLE_OBJC_ARC = YES;
				CLANG_ENABLE_OBJC_WEAK = YES;
				CLANG_WARN_BLOCK_CAPTURE_AUTORELEASING = YES;
				CLANG_WARN_BOOL_CONVERSION = YES;
				CLANG_WARN_COMMA = YES;
				CLANG_WARN_CONSTANT_CONVERSION = YES;
				CLANG_WARN_DEPRECATED_OBJC_IMPLEMENTATIONS = YES;
				CLANG_WARN_DIRECT_OBJC_ISA_USAGE = YES_ERROR;
				CLANG_WARN_DOCUMENTATION_COMMENTS = YES;
				CLANG_WARN_EMPTY_BODY = YES;
				CLANG_WARN_ENUM_CONVERSION = YES;
				CLANG_WARN_INFINITE_RECURSION = YES;
				CLANG_WARN_INT_CONVERSION = YES;
				CLANG_WARN_NON_LITERAL_NULL_CONVERSION = YES;
				CLANG_WARN_OBJC_IMPLICIT_RETAIN_SELF = YES;
				CLANG_WARN_OBJC_LITERAL_CONVERSION = YES;
				CLANG_WARN_OBJC_ROOT_CLASS = YES_ERROR;
				CLANG_WARN_QUOTED_INCLUDE_IN_FRAMEWORK_HEADER = YES;
				CLANG_WARN_RANGE_LOOP_ANALYSIS = YES;
				CLANG_WARN_STRICT_PROTOTYPES = YES;
				CLANG_WARN_SUSPICIOUS_MOVE = YES;
				CLANG_WARN_UNGUARDED_AVAILABILITY = YES_AGGRESSIVE;
				CLANG_WARN_UNREACHABLE_CODE = YES;
				CLANG_WARN__DUPLICATE_METHOD_MATCH = YES;
				COPY_PHASE_STRIP = NO;
				DEBUG_INFORMATION_FORMAT = "dwarf-with-dsym";
				ENABLE_NS_ASSERTIONS = NO;
				ENABLE_STRICT_OBJC_MSGSEND = YES;
				GCC_C_LANGUAGE_STANDARD = gnu11;
				GCC_NO_COMMON_BLOCKS = YES;
				GCC_WARN_64_TO_32_BIT_CONVERSION = YES;
				GCC_WARN_ABOUT_RETURN_TYPE = YES_ERROR;
				GCC_WARN_UNDECLARED_SELECTOR = YES;
				GCC_WARN_UNINITIALIZED_AUTOS = YES_AGGRESSIVE;
				GCC_WARN_UNUSED_FUNCTION = YES;
				GCC_WARN_UNUSED_VARIABLE = YES;
				IPHONEOS_DEPLOYMENT_TARGET = 14.0;
				MTL_ENABLE_DEBUG_INFO = NO;
				MTL_FAST_MATH = YES;
				SDKROOT = iphoneos;
				SWIFT_COMPILATION_MODE = wholemodule;
				SWIFT_OPTIMIZATION_LEVEL = "-O";
				VALIDATE_PRODUCT = YES;
			};
			name = Release;
		};
		04F6034125A69F2900F6ADDE /* Debug */ = {
			isa = XCBuildConfiguration;
			baseConfigurationReference = CD2970F2C54005EC5AF92CA8 /* Pods-Demo_Gcd_download.debug.xcconfig */;
			buildSettings = {
				ASSETCATALOG_COMPILER_APPICON_NAME = AppIcon;
				ASSETCATALOG_COMPILER_GLOBAL_ACCENT_COLOR_NAME = AccentColor;
				CODE_SIGN_STYLE = Automatic;
				DEVELOPMENT_TEAM = 9M46AU3YMQ;
				INFOPLIST_FILE = Demo_Gcd_download/Info.plist;
				LD_RUNPATH_SEARCH_PATHS = (
					"$(inherited)",
					"@executable_path/Frameworks",
				);
				PRODUCT_BUNDLE_IDENTIFIER = "com.app.Demo.Demo-Gcd-download";
				PRODUCT_NAME = "$(TARGET_NAME)";
				SWIFT_VERSION = 5.0;
				TARGETED_DEVICE_FAMILY = "1,2";
			};
			name = Debug;
		};
		04F6034225A69F2900F6ADDE /* Release */ = {
			isa = XCBuildConfiguration;
			baseConfigurationReference = 4DA3CF38DB8E9E388784EE4E /* Pods-Demo_Gcd_download.release.xcconfig */;
			buildSettings = {
				ASSETCATALOG_COMPILER_APPICON_NAME = AppIcon;
				ASSETCATALOG_COMPILER_GLOBAL_ACCENT_COLOR_NAME = AccentColor;
				CODE_SIGN_STYLE = Automatic;
				DEVELOPMENT_TEAM = 9M46AU3YMQ;
				INFOPLIST_FILE = Demo_Gcd_download/Info.plist;
				LD_RUNPATH_SEARCH_PATHS = (
					"$(inherited)",
					"@executable_path/Frameworks",
				);
				PRODUCT_BUNDLE_IDENTIFIER = "com.app.Demo.Demo-Gcd-download";
				PRODUCT_NAME = "$(TARGET_NAME)";
				SWIFT_VERSION = 5.0;
				TARGETED_DEVICE_FAMILY = "1,2";
			};
			name = Release;
		};
/* End XCBuildConfiguration section */

/* Begin XCConfigurationList section */
		04F6032725A69F2800F6ADDE /* Build configuration list for PBXProject "Demo_Gcd_download" */ = {
			isa = XCConfigurationList;
			buildConfigurations = (
				04F6033E25A69F2900F6ADDE /* Debug */,
				04F6033F25A69F2900F6ADDE /* Release */,
			);
			defaultConfigurationIsVisible = 0;
			defaultConfigurationName = Release;
		};
		04F6034025A69F2900F6ADDE /* Build configuration list for PBXNativeTarget "Demo_Gcd_download" */ = {
			isa = XCConfigurationList;
			buildConfigurations = (
				04F6034125A69F2900F6ADDE /* Debug */,
				04F6034225A69F2900F6ADDE /* Release */,
			);
			defaultConfigurationIsVisible = 0;
			defaultConfigurationName = Release;
		};
/* End XCConfigurationList section */
	};
	rootObject = 04F6032425A69F2800F6ADDE /* Project object */;
}
